
Microsoft Visual Studio Solution File, Format Version 12.00
# Visual Studio Version 16
VisualStudioVersion = 16.0.30517.126
MinimumVisualStudioVersion = 10.0.40219.1
Project("{FAE04EC0-301F-11D3-BF4B-00C04F79EFBC}") = "BankAccount", "BankAccount\BankAccount.csproj", "{57476FA7-A0DA-4466-9108-2E5B7D37FD87}"
EndProject
Global
	GlobalSection(SolutionConfigurationPlatforms) = preSolution
		Debug|Any CPU = Debug|Any CPU
		Release|Any CPU = Release|Any CPU
	EndGlobalSection
	GlobalSection(ProjectConfigurationPlatforms) = postSolution
		{57476FA7-A0DA-4466-9108-2E5B7D37FD87}.Debug|Any CPU.ActiveCfg = Debug|Any CPU
		{57476FA7-A0DA-4466-9108-2E5B7D37FD87}.Debug|Any CPU.Build.0 = Debug|Any CPU
		{57476FA7-A0DA-4466-9108-2E5B7D37FD87}.Release|Any CPU.ActiveCfg = Release|Any CPU
		{57476FA7-A0DA-4466-9108-2E5B7D37FD87}.Release|Any CPU.Build.0 = Release|Any CPU
	EndGlobalSection
	GlobalSection(SolutionProperties) = preSolution
		HideSolutionNode = FALSE
	EndGlobalSection
	GlobalSection(ExtensibilityGlobals) = postSolution
		SolutionGuid = {B4E0F698-1179-4642-9F6F-9DEADCBF4F9D}
	EndGlobalSection
EndGlobal
